Microsoft Visual Studio Solution File, Format Version 12.00
# Visual Studio Version 17
Project("{FAE04EC0-301F-11D3-BF4B-00C04F79EFBC}") = "Quickstarts_Windows.Arm64", "quickstarts\Quickstarts_Windows.Arm64.csproj", "{358CDADF-A233-4CDC-B7DC-D31298DB6756}"
EndProject
Project("{FAE04EC0-301F-11D3-BF4B-00C04F79EFBC}") = "EvoPdf_Next_AspNetDemo_Windows.Arm64", "demo\AspNetDemo\EvoPdf_Next_AspNetDemo_Windows.Arm64.csproj", "{FE150F98-B3D3-4753-AA93-BA1118DA4B8B}"
EndProject
Project("{FAE04EC0-301F-11D3-BF4B-00C04F79EFBC}") = "EvoPdf_Next_ConsoleDemo_Windows.Arm64", "demo\ConsoleDemo\EvoPdf_Next_ConsoleDemo_Windows.Arm64.csproj", "{CC3EC1E1-CDBE-4DDF-B545-8DE9CC5484D2}"
EndProject
Global
	GlobalSection(SolutionConfigurationPlatforms) = preSolution
		Debug|Any CPU = Debug|Any CPU
		Release|Any CPU = Release|Any CPU
	EndGlobalSection
	GlobalSection(ProjectConfigurationPlatforms) = postSolution
		{358CDADF-A233-4CDC-B7DC-D31298DB6756}.Debug|Any CPU.ActiveCfg = Debug|Any CPU
		{358CDADF-A233-4CDC-B7DC-D31298DB6756}.Debug|Any CPU.Build.0 = Debug|Any CPU
		{358CDADF-A233-4CDC-B7DC-D31298DB6756}.Release|Any CPU.ActiveCfg = Release|Any CPU
		{358CDADF-A233-4CDC-B7DC-D31298DB6756}.Release|Any CPU.Build.0 = Release|Any CPU
		{FE150F98-B3D3-4753-AA93-BA1118DA4B8B}.Debug|Any CPU.ActiveCfg = Debug|Any CPU
		{FE150F98-B3D3-4753-AA93-BA1118DA4B8B}.Debug|Any CPU.Build.0 = Debug|Any CPU
		{FE150F98-B3D3-4753-AA93-BA1118DA4B8B}.Release|Any CPU.ActiveCfg = Release|Any CPU
		{FE150F98-B3D3-4753-AA93-BA1118DA4B8B}.Release|Any CPU.Build.0 = Release|Any CPU
		{CC3EC1E1-CDBE-4DDF-B545-8DE9CC5484D2}.Debug|Any CPU.ActiveCfg = Debug|Any CPU
		{CC3EC1E1-CDBE-4DDF-B545-8DE9CC5484D2}.Debug|Any CPU.Build.0 = Debug|Any CPU
		{CC3EC1E1-CDBE-4DDF-B545-8DE9CC5484D2}.Release|Any CPU.ActiveCfg = Release|Any CPU
		{CC3EC1E1-CDBE-4DDF-B545-8DE9CC5484D2}.Release|Any CPU.Build.0 = Release|Any CPU
	EndGlobalSection
EndGlobal
